
Microsoft Visual Studio Solution File, Format Version 12.00
# Visual Studio Version 17
VisualStudioVersion = 17.7.34009.444
MinimumVisualStudioVersion = 10.0.40219.1
Project("{9A19103F-16F7-4668-BE54-9A1E7A4F7556}") = "OpenClosePrinciple", "OpenClosePrinciple\OpenClosePrinciple.csproj", "{718B309A-366E-42ED-9628-D945D094354D}"
EndProject
Project("{9A19103F-16F7-4668-BE54-9A1E7A4F7556}") = "BuilderDesignPattern", "BuilderDesignPattern\BuilderDesignPattern.csproj", "{A6359C55-429B-48C5-ACB0-5B7447D909A3}"
EndProject
Project("{9A19103F-16F7-4668-BE54-9A1E7A4F7556}") = "FactoryMethod", "FactoryMethod\FactoryMethod.csproj", "{31C82E27-B719-4D08-BD00-54BF339BA99E}"
EndProject
Project("{9A19103F-16F7-4668-BE54-9A1E7A4F7556}") = "AbstractFactory", "AbstractFactory\AbstractFactory.csproj", "{0AB75D94-5C69-42AA-90C2-8C6B724321B0}"
EndProject
Project("{9A19103F-16F7-4668-BE54-9A1E7A4F7556}") = "Prototype", "Prototype\Prototype.csproj", "{2D56D446-E3F9-42BE-9A28-9B7427C5D87D}"
EndProject
Project("{9A19103F-16F7-4668-BE54-9A1E7A4F7556}") = "Singleton", "Singleton\Singleton.csproj", "{64E33F9A-E8F7-48FF-A6FD-98495DF85AAA}"
EndProject
Project("{9A19103F-16F7-4668-BE54-9A1E7A4F7556}") = "Bridge", "Bridge\Bridge.csproj", "{0544D95F-7FAC-4571-A39D-8B9333192419}"
EndProject
Project("{9A19103F-16F7-4668-BE54-9A1E7A4F7556}") = "Composite", "Composite\Composite.csproj", "{92E8B5E5-6C3C-4F5F-B374-2C5854F77FA4}"
EndProject
Project("{9A19103F-16F7-4668-BE54-9A1E7A4F7556}") = "Decorator", "Decorator\Decorator.csproj", "{E0336F15-CABA-408D-B459-56EAC04F7970}"
EndProject
Project("{9A19103F-16F7-4668-BE54-9A1E7A4F7556}") = "Facade", "Facade\Facade.csproj", "{EEF27F8C-04F8-4195-B7BA-2C94166B364F}"
EndProject
Project("{9A19103F-16F7-4668-BE54-9A1E7A4F7556}") = "FlyWeight", "FlyWeight\FlyWeight.csproj", "{ECA608C5-31AC-4324-8317-C97BC52D2B8A}"
EndProject
Project("{FAE04EC0-301F-11D3-BF4B-00C04F79EFBC}") = "ChainOfResponsibility", "ChainOfResponsibility\ChainOfResponsibility.csproj", "{6F08A370-646B-49A9-A07B-6818774404A9}"
EndProject
Project("{9A19103F-16F7-4668-BE54-9A1E7A4F7556}") = "Adapter", "Adaptor\Adapter.csproj", "{D9CFDED0-5AFC-43B9-9EA3-7A020416D5F3}"
EndProject
Project("{9A19103F-16F7-4668-BE54-9A1E7A4F7556}") = "Proxy", "Proxy\Proxy.csproj", "{0AD866CF-496D-4527-B841-935C9A43595F}"
EndProject
Project("{FAE04EC0-301F-11D3-BF4B-00C04F79EFBC}") = "Command", "Command\Command.csproj", "{F6C9927E-50E1-45E1-BC24-165EDCF70403}"
EndProject
Project("{FAE04EC0-301F-11D3-BF4B-00C04F79EFBC}") = "Interpreter", "Interpreter\Interpreter.csproj", "{A837899B-1FB0-44EA-85E5-FAFB8CB18AE2}"
EndProject
Project("{FAE04EC0-301F-11D3-BF4B-00C04F79EFBC}") = "Iterator", "Iterator\Iterator.csproj", "{EA985F28-1C2F-4D1D-A4A5-85F424193C62}"
EndProject
Global
	GlobalSection(SolutionConfigurationPlatforms) = preSolution
		Debug|Any CPU = Debug|Any CPU
		Release|Any CPU = Release|Any CPU
	EndGlobalSection
	GlobalSection(ProjectConfigurationPlatforms) = postSolution
		{718B309A-366E-42ED-9628-D945D094354D}.Debug|Any CPU.ActiveCfg = Debug|Any CPU
		{718B309A-366E-42ED-9628-D945D094354D}.Debug|Any CPU.Build.0 = Debug|Any CPU
		{718B309A-366E-42ED-9628-D945D094354D}.Release|Any CPU.ActiveCfg = Release|Any CPU
		{718B309A-366E-42ED-9628-D945D094354D}.Release|Any CPU.Build.0 = Release|Any CPU
		{A6359C55-429B-48C5-ACB0-5B7447D909A3}.Debug|Any CPU.ActiveCfg = Debug|Any CPU
		{A6359C55-429B-48C5-ACB0-5B7447D909A3}.Debug|Any CPU.Build.0 = Debug|Any CPU
		{A6359C55-429B-48C5-ACB0-5B7447D909A3}.Release|Any CPU.ActiveCfg = Release|Any CPU
		{A6359C55-429B-48C5-ACB0-5B7447D909A3}.Release|Any CPU.Build.0 = Release|Any CPU
		{31C82E27-B719-4D08-BD00-54BF339BA99E}.Debug|Any CPU.ActiveCfg = Debug|Any CPU
		{31C82E27-B719-4D08-BD00-54BF339BA99E}.Debug|Any CPU.Build.0 = Debug|Any CPU
		{31C82E27-B719-4D08-BD00-54BF339BA99E}.Release|Any CPU.ActiveCfg = Release|Any CPU
		{31C82E27-B719-4D08-BD00-54BF339BA99E}.Release|Any CPU.Build.0 = Release|Any CPU
		{0AB75D94-5C69-42AA-90C2-8C6B724321B0}.Debug|Any CPU.ActiveCfg = Debug|Any CPU
		{0AB75D94-5C69-42AA-90C2-8C6B724321B0}.Debug|Any CPU.Build.0 = Debug|Any CPU
		{0AB75D94-5C69-42AA-90C2-8C6B724321B0}.Release|Any CPU.ActiveCfg = Release|Any CPU
		{0AB75D94-5C69-42AA-90C2-8C6B724321B0}.Release|Any CPU.Build.0 = Release|Any CPU
		{2D56D446-E3F9-42BE-9A28-9B7427C5D87D}.Debug|Any CPU.ActiveCfg = Debug|Any CPU
		{2D56D446-E3F9-42BE-9A28-9B7427C5D87D}.Debug|Any CPU.Build.0 = Debug|Any CPU
		{2D56D446-E3F9-42BE-9A28-9B7427C5D87D}.Release|Any CPU.ActiveCfg = Release|Any CPU
		{2D56D446-E3F9-42BE-9A28-9B7427C5D87D}.Release|Any CPU.Build.0 = Release|Any CPU
		{64E33F9A-E8F7-48FF-A6FD-98495DF85AAA}.Debug|Any CPU.ActiveCfg = Debug|Any CPU
		{64E33F9A-E8F7-48FF-A6FD-98495DF85AAA}.Debug|Any CPU.Build.0 = Debug|Any CPU
		{64E33F9A-E8F7-48FF-A6FD-98495DF85AAA}.Release|Any CPU.ActiveCfg = Release|Any CPU
		{64E33F9A-E8F7-48FF-A6FD-98495DF85AAA}.Release|Any CPU.Build.0 = Release|Any CPU
		{0544D95F-7FAC-4571-A39D-8B9333192419}.Debug|Any CPU.ActiveCfg = Debug|Any CPU
		{0544D95F-7FAC-4571-A39D-8B9333192419}.Debug|Any CPU.Build.0 = Debug|Any CPU
		{0544D95F-7FAC-4571-A39D-8B9333192419}.Release|Any CPU.ActiveCfg = Release|Any CPU
		{0544D95F-7FAC-4571-A39D-8B9333192419}.Release|Any CPU.Build.0 = Release|Any CPU
		{92E8B5E5-6C3C-4F5F-B374-2C5854F77FA4}.Debug|Any CPU.ActiveCfg = Debug|Any CPU
		{92E8B5E5-6C3C-4F5F-B374-2C5854F77FA4}.Debug|Any CPU.Build.0 = Debug|Any CPU
		{92E8B5E5-6C3C-4F5F-B374-2C5854F77FA4}.Release|Any CPU.ActiveCfg = Release|Any CPU
		{92E8B5E5-6C3C-4F5F-B374-2C5854F77FA4}.Release|Any CPU.Build.0 = Release|Any CPU
		{E0336F15-CABA-408D-B459-56EAC04F7970}.Debug|Any CPU.ActiveCfg = Debug|Any CPU
		{E0336F15-CABA-408D-B459-56EAC04F7970}.Debug|Any CPU.Build.0 = Debug|Any CPU
		{E0336F15-CABA-408D-B459-56EAC04F7970}.Release|Any CPU.ActiveCfg = Release|Any CPU
		{E0336F15-CABA-408D-B459-56EAC04F7970}.Release|Any CPU.Build.0 = Release|Any CPU
		{EEF27F8C-04F8-4195-B7BA-2C94166B364F}.Debug|Any CPU.ActiveCfg = Debug|Any CPU
		{EEF27F8C-04F8-4195-B7BA-2C94166B364F}.Debug|Any CPU.Build.0 = Debug|Any CPU
		{EEF27F8C-04F8-4195-B7BA-2C94166B364F}.Release|Any CPU.ActiveCfg = Release|Any CPU
		{EEF27F8C-04F8-4195-B7BA-2C94166B364F}.Release|Any CPU.Build.0 = Release|Any CPU
		{ECA608C5-31AC-4324-8317-C97BC52D2B8A}.Debug|Any CPU.ActiveCfg = Debug|Any CPU
		{ECA608C5-31AC-4324-8317-C97BC52D2B8A}.Debug|Any CPU.Build.0 = Debug|Any CPU
		{ECA608C5-31AC-4324-8317-C97BC52D2B8A}.Release|Any CPU.ActiveCfg = Release|Any CPU
		{ECA608C5-31AC-4324-8317-C97BC52D2B8A}.Release|Any CPU.Build.0 = Release|Any CPU
		{6F08A370-646B-49A9-A07B-6818774404A9}.Debug|Any CPU.ActiveCfg = Debug|Any CPU
		{6F08A370-646B-49A9-A07B-6818774404A9}.Debug|Any CPU.Build.0 = Debug|Any CPU
		{6F08A370-646B-49A9-A07B-6818774404A9}.Release|Any CPU.ActiveCfg = Release|Any CPU
		{6F08A370-646B-49A9-A07B-6818774404A9}.Release|Any CPU.Build.0 = Release|Any CPU
		{D9CFDED0-5AFC-43B9-9EA3-7A020416D5F3}.Debug|Any CPU.ActiveCfg = Debug|Any CPU
		{D9CFDED0-5AFC-43B9-9EA3-7A020416D5F3}.Debug|Any CPU.Build.0 = Debug|Any CPU
		{D9CFDED0-5AFC-43B9-9EA3-7A020416D5F3}.Release|Any CPU.ActiveCfg = Release|Any CPU
		{D9CFDED0-5AFC-43B9-9EA3-7A020416D5F3}.Release|Any CPU.Build.0 = Release|Any CPU
		{0AD866CF-496D-4527-B841-935C9A43595F}.Debug|Any CPU.ActiveCfg = Debug|Any CPU
		{0AD866CF-496D-4527-B841-935C9A43595F}.Debug|Any CPU.Build.0 = Debug|Any CPU
		{0AD866CF-496D-4527-B841-935C9A43595F}.Release|Any CPU.ActiveCfg = Release|Any CPU
		{0AD866CF-496D-4527-B841-935C9A43595F}.Release|Any CPU.Build.0 = Release|Any CPU
		{F6C9927E-50E1-45E1-BC24-165EDCF70403}.Debug|Any CPU.ActiveCfg = Debug|Any CPU
		{F6C9927E-50E1-45E1-BC24-165EDCF70403}.Debug|Any CPU.Build.0 = Debug|Any CPU
		{F6C9927E-50E1-45E1-BC24-165EDCF70403}.Release|Any CPU.ActiveCfg = Release|Any CPU
		{F6C9927E-50E1-45E1-BC24-165EDCF70403}.Release|Any CPU.Build.0 = Release|Any CPU
		{A837899B-1FB0-44EA-85E5-FAFB8CB18AE2}.Debug|Any CPU.ActiveCfg = Debug|Any CPU
		{A837899B-1FB0-44EA-85E5-FAFB8CB18AE2}.Debug|Any CPU.Build.0 = Debug|Any CPU
		{A837899B-1FB0-44EA-85E5-FAFB8CB18AE2}.Release|Any CPU.ActiveCfg = Release|Any CPU
		{A837899B-1FB0-44EA-85E5-FAFB8CB18AE2}.Release|Any CPU.Build.0 = Release|Any CPU
		{EA985F28-1C2F-4D1D-A4A5-85F424193C62}.Debug|Any CPU.ActiveCfg = Debug|Any CPU
		{EA985F28-1C2F-4D1D-A4A5-85F424193C62}.Debug|Any CPU.Build.0 = Debug|Any CPU
		{EA985F28-1C2F-4D1D-A4A5-85F424193C62}.Release|Any CPU.ActiveCfg = Release|Any CPU
		{EA985F28-1C2F-4D1D-A4A5-85F424193C62}.Release|Any CPU.Build.0 = Release|Any CPU
	EndGlobalSection
	GlobalSection(SolutionProperties) = preSolution
		HideSolutionNode = FALSE
	EndGlobalSection
	GlobalSection(ExtensibilityGlobals) = postSolution
		SolutionGuid = {334E0E62-7D35-43A6-B12C-59725ED43B69}
	EndGlobalSection
EndGlobal
